
Microsoft Visual Studio Solution File, Format Version 12.00
# Visual Studio Version 17
VisualStudioVersion = 17.5.33516.290
MinimumVisualStudioVersion = 10.0.40219.1
Project("{FAE04EC0-301F-11D3-BF4B-00C04F79EFBC}") = "Simple Program", "Simple Program\Simple Program.csproj", "{2AC673E2-B0E8-4B8F-97B8-3B44EFE812EA}"
EndProject
Global
	GlobalSection(SolutionConfigurationPlatforms) = preSolution
		Debug|Any CPU = Debug|Any CPU
		Release|Any CPU = Release|Any CPU
	EndGlobalSection
	GlobalSection(ProjectConfigurationPlatforms) = postSolution
		{2AC673E2-B0E8-4B8F-97B8-3B44EFE812EA}.Debug|Any CPU.ActiveCfg = Debug|Any CPU
		{2AC673E2-B0E8-4B8F-97B8-3B44EFE812EA}.Debug|Any CPU.Build.0 = Debug|Any CPU
		{2AC673E2-B0E8-4B8F-97B8-3B44EFE812EA}.Release|Any CPU.ActiveCfg = Release|Any CPU
		{2AC673E2-B0E8-4B8F-97B8-3B44EFE812EA}.Release|Any CPU.Build.0 = Release|Any CPU
	EndGlobalSection
	GlobalSection(SolutionProperties) = preSolution
		HideSolutionNode = FALSE
	EndGlobalSection
	GlobalSection(ExtensibilityGlobals) = postSolution
		SolutionGuid = {7D3ED9E7-1FB8-4E5D-8787-3E612AFEB15E}
	EndGlobalSection
EndGlobal
